# THIS IS AN AUTOGENERATED FILE. DO NOT EDIT THIS FILE DIRECTLY.
# yarn lockfile v1


"@korzio/djv-draft-04@^2.0.1":
  version "2.0.1"
  resolved "https://registry.yarnpkg.com/@korzio/djv-draft-04/-/djv-draft-04-2.0.1.tgz#2984289426cac5ed622b26a58c3af8584aefbdfe"
  integrity sha512-MeTVcNsfCIYxK6T7jW1sroC7dBAb4IfLmQe6RoCqlxHN5NFkzNpgdnBPR+/0D2wJDUJHM9s9NQv+ouhxKjvUjg==

djv@^2.1.1:
  version "2.1.1"
  resolved "https://registry.yarnpkg.com/djv/-/djv-2.1.1.tgz#7d462f24780c90222bea59115d650d8510a5c38a"
  integrity sha512-zagE0FRg1XQB5gJK2I9x/pvZhzkUPNfk2CHT0OHTtFcgcvJrRPgfT0FQRIsgzqcWZWmo6uU7c9BawNWj1i/04Q==
  optionalDependencies:
    "@korzio/djv-draft-04" "^2.0.1"
